
Microsoft Visual Studio Solution File, Format Version 12.00
# Visual Studio Version 16
VisualStudioVersion = 16.0.31205.134
MinimumVisualStudioVersion = 10.0.40219.1
Project("{FAE04EC0-301F-11D3-BF4B-00C04F79EFBC}") = "AlgorithmSRTF", "AlgorithmSRTF\AlgorithmSRTF.csproj", "{B686AE46-2252-4F8D-A37B-4DCBBFB9EB01}"
EndProject
Global
	GlobalSection(SolutionConfigurationPlatforms) = preSolution
		Debug|Any CPU = Debug|Any CPU
		Release|Any CPU = Release|Any CPU
	EndGlobalSection
	GlobalSection(ProjectConfigurationPlatforms) = postSolution
		{B686AE46-2252-4F8D-A37B-4DCBBFB9EB01}.Debug|Any CPU.ActiveCfg = Debug|Any CPU
		{B686AE46-2252-4F8D-A37B-4DCBBFB9EB01}.Debug|Any CPU.Build.0 = Debug|Any CPU
		{B686AE46-2252-4F8D-A37B-4DCBBFB9EB01}.Release|Any CPU.ActiveCfg = Release|Any CPU
		{B686AE46-2252-4F8D-A37B-4DCBBFB9EB01}.Release|Any CPU.Build.0 = Release|Any CPU
	EndGlobalSection
	GlobalSection(SolutionProperties) = preSolution
		HideSolutionNode = FALSE
	EndGlobalSection
	GlobalSection(ExtensibilityGlobals) = postSolution
		SolutionGuid = {210427BC-EBB1-4249-BD09-94FC7420884B}
	EndGlobalSection
EndGlobal
